
Microsoft Visual Studio Solution File, Format Version 12.00
# Visual Studio Version 16
VisualStudioVersion = 16.0.30717.126
MinimumVisualStudioVersion = 10.0.40219.1
Project("{9A19103F-16F7-4668-BE54-9A1E7A4F7556}") = "Examples", "Examples\Examples.csproj", "{31917B78-C666-4308-B755-1997ACC2033A}"
EndProject
Project("{9A19103F-16F7-4668-BE54-9A1E7A4F7556}") = "InjectableAttribute", "InjectableAttribute\InjectableAttribute.csproj", "{52CD16B1-9008-4424-AD27-5DD7B18A0A6D}"
EndProject
Global
	GlobalSection(SolutionConfigurationPlatforms) = preSolution
		Debug|Any CPU = Debug|Any CPU
		Release|Any CPU = Release|Any CPU
	EndGlobalSection
	GlobalSection(ProjectConfigurationPlatforms) = postSolution
		{31917B78-C666-4308-B755-1997ACC2033A}.Debug|Any CPU.ActiveCfg = Debug|Any CPU
		{31917B78-C666-4308-B755-1997ACC2033A}.Debug|Any CPU.Build.0 = Debug|Any CPU
		{31917B78-C666-4308-B755-1997ACC2033A}.Release|Any CPU.ActiveCfg = Release|Any CPU
		{31917B78-C666-4308-B755-1997ACC2033A}.Release|Any CPU.Build.0 = Release|Any CPU
		{52CD16B1-9008-4424-AD27-5DD7B18A0A6D}.Debug|Any CPU.ActiveCfg = Debug|Any CPU
		{52CD16B1-9008-4424-AD27-5DD7B18A0A6D}.Debug|Any CPU.Build.0 = Debug|Any CPU
		{52CD16B1-9008-4424-AD27-5DD7B18A0A6D}.Release|Any CPU.ActiveCfg = Release|Any CPU
		{52CD16B1-9008-4424-AD27-5DD7B18A0A6D}.Release|Any CPU.Build.0 = Release|Any CPU
	EndGlobalSection
	GlobalSection(SolutionProperties) = preSolution
		HideSolutionNode = FALSE
	EndGlobalSection
	GlobalSection(ExtensibilityGlobals) = postSolution
		SolutionGuid = {9CD93FF0-5B5C-4C0C-AC23-EACBA39B4E27}
	EndGlobalSection
EndGlobal
